// !$*UTF8*$!
{
	archiveVersion = 1;
	classes = {
	};
	objectVersion = 48;
	objects = {

/* Begin PBXBuildFile section */
		1ACAC3A51FC337ED00C76E54 /* AppDelegate.m in Sources */ = {isa = PBXBuildFile; fileRef = 1ACAC3A41FC337ED00C76E54 /* AppDelegate.m */; };
		1ACAC3A81FC337ED00C76E54 /* ViewController.m in Sources */ = {isa = PBXBuildFile; fileRef = 1ACAC3A71FC337ED00C76E54 /* ViewController.m */; };
		1ACAC3AA1FC337ED00C76E54 /* Assets.xcassets in Resources */ = {isa = PBXBuildFile; fileRef = 1ACAC3A91FC337ED00C76E54 /* Assets.xcassets */; };
		1ACAC3AD1FC337ED00C76E54 /* Main.storyboard in Resources */ = {isa = PBXBuildFile; fileRef = 1ACAC3AB1FC337ED00C76E54 /* Main.storyboard */; };
		1ACAC3B01FC337ED00C76E54 /* main.m in Sources */ = {isa = PBXBuildFile; fileRef = 1ACAC3AF1FC337ED00C76E54 /* main.m */; };
		1ACAC3B91FC3506200C76E54 /* SystemCheckFunctor.m in Sources */ = {isa = PBXBuildFile; fileRef = 1ACAC3B81FC3506200C76E54 /* SystemCheckFunctor.m */; };
		1AEA8F311FC46BD20093678B /* Sparkle.framework in Frameworks */ = {isa = PBXBuildFile; fileRef = 1AEA8F301FC46BD20093678B /* Sparkle.framework */; };
		1AEA8F331FC46D040093678B /* Sparkle.framework in CopyFiles */ = {isa = PBXBuildFile; fileRef = 1AEA8F301FC46BD20093678B /* Sparkle.framework */; settings = {ATTRIBUTES = (CodeSignOnCopy, RemoveHeadersOnCopy, ); }; };
/* End PBXBuildFile section */

/* Begin PBXCopyFilesBuildPhase section */
		1AEA8F321FC46CEE0093678B /* CopyFiles */ = {
			isa = PBXCopyFilesBuildPhase;
			buildActionMask = 2147483647;
			dstPath = "";
			dstSubfolderSpec = 10;
			files = (
				1AEA8F331FC46D040093678B /* Sparkle.framework in CopyFiles */,
			);
			runOnlyForDeploymentPostprocessing = 0;
		};
/* End PBXCopyFilesBuildPhase section */

/* Begin PBXFileReference section */
		1ACAC3A01FC337ED00C76E54 /* BFME2 ROTWK Updater.app */ = {isa = PBXFileReference; explicitFileType = wrapper.application; includeInIndex = 0; path = "BFME2 ROTWK Updater.app"; sourceTree = BUILT_PRODUCTS_DIR; };
		1ACAC3A31FC337ED00C76E54 /* AppDelegate.h */ = {isa = PBXFileReference; lastKnownFileType = sourcecode.c.h; path = AppDelegate.h; sourceTree = "<group>"; };
		1ACAC3A41FC337ED00C76E54 /* AppDelegate.m */ = {isa = PBXFileReference; lastKnownFileType = sourcecode.c.objc; path = AppDelegate.m; sourceTree = "<group>"; };
		1ACAC3A61FC337ED00C76E54 /* ViewController.h */ = {isa = PBXFileReference; lastKnownFileType = sourcecode.c.h; path = ViewController.h; sourceTree = "<group>"; };
		1ACAC3A71FC337ED00C76E54 /* ViewController.m */ = {isa = PBXFileReference; lastKnownFileType = sourcecode.c.objc; path = ViewController.m; sourceTree = "<group>"; };
		1ACAC3A91FC337ED00C76E54 /* Assets.xcassets */ = {isa = PBXFileReference; lastKnownFileType = folder.assetcatalog; path = Assets.xcassets; sourceTree = "<group>"; };
		1ACAC3AC1FC337ED00C76E54 /* Base */ = {isa = PBXFileReference; lastKnownFileType = file.storyboard; name = Base; path = Base.lproj/Main.storyboard; sourceTree = "<group>"; };
		1ACAC3AE1FC337ED00C76E54 /* Info.plist */ = {isa = PBXFileReference; lastKnownFileType = text.plist.xml; path = Info.plist; sourceTree = "<group>"; };
		1ACAC3AF1FC337ED00C76E54 /* main.m */ = {isa = PBXFileReference; lastKnownFileType = sourcecode.c.objc; path = main.m; sourceTree = "<group>"; };
		1ACAC3B11FC337ED00C76E54 /* BFME2_ROTWK_Updater.entitlements */ = {isa = PBXFileReference; lastKnownFileType = text.plist.entitlements; path = BFME2_ROTWK_Updater.entitlements; sourceTree = "<group>"; };
		1ACAC3B71FC3506200C76E54 /* SystemCheckFunctor.h */ = {isa = PBXFileReference; lastKnownFileType = sourcecode.c.h; path = SystemCheckFunctor.h; sourceTree = "<group>"; };
		1ACAC3B81FC3506200C76E54 /* SystemCheckFunctor.m */ = {isa = PBXFileReference; lastKnownFileType = sourcecode.c.objc; path = SystemCheckFunctor.m; sourceTree = "<group>"; };
		1AEA8F301FC46BD20093678B /* Sparkle.framework */ = {isa = PBXFileReference; lastKnownFileType = wrapper.framework; path = Sparkle.framework; sourceTree = "<group>"; };
/* End PBXFileReference section */

/* Begin PBXFrameworksBuildPhase section */
		1ACAC39D1FC337ED00C76E54 /* Frameworks */ = {
			isa = PBXFrameworksBuildPhase;
			buildActionMask = 2147483647;
			files = (
				1AEA8F311FC46BD20093678B /* Sparkle.framework in Frameworks */,
			);
			runOnlyForDeploymentPostprocessing = 0;
		};
/* End PBXFrameworksBuildPhase section */

/* Begin PBXGroup section */
		1A7D8A661FC4620A00B51E28 /* Frameworks */ = {
			isa = PBXGroup;
			children = (
				1AEA8F301FC46BD20093678B /* Sparkle.framework */,
			);
			name = Frameworks;
			sourceTree = "<group>";
		};
		1ACAC3971FC337ED00C76E54 = {
			isa = PBXGroup;
			children = (
				1ACAC3A21FC337ED00C76E54 /* BFME2 ROTWK Updater */,
				1ACAC3A11FC337ED00C76E54 /* Products */,
				1A7D8A661FC4620A00B51E28 /* Frameworks */,
			);
			sourceTree = "<group>";
		};
		1ACAC3A11FC337ED00C76E54 /* Products */ = {
			isa = PBXGroup;
			children = (
				1ACAC3A01FC337ED00C76E54 /* BFME2 ROTWK Updater.app */,
			);
			name = Products;
			sourceTree = "<group>";
		};
		1ACAC3A21FC337ED00C76E54 /* BFME2 ROTWK Updater */ = {
			isa = PBXGroup;
			children = (
				1ACAC3A31FC337ED00C76E54 /* AppDelegate.h */,
				1ACAC3A41FC337ED00C76E54 /* AppDelegate.m */,
				1ACAC3A61FC337ED00C76E54 /* ViewController.h */,
				1ACAC3A71FC337ED00C76E54 /* ViewController.m */,
				1ACAC3A91FC337ED00C76E54 /* Assets.xcassets */,
				1ACAC3AB1FC337ED00C76E54 /* Main.storyboard */,
				1ACAC3AE1FC337ED00C76E54 /* Info.plist */,
				1ACAC3AF1FC337ED00C76E54 /* main.m */,
				1ACAC3B11FC337ED00C76E54 /* BFME2_ROTWK_Updater.entitlements */,
				1ACAC3B71FC3506200C76E54 /* SystemCheckFunctor.h */,
				1ACAC3B81FC3506200C76E54 /* SystemCheckFunctor.m */,
			);
			path = "BFME2 ROTWK Updater";
			sourceTree = "<group>";
		};
/* End PBXGroup section */

/* Begin PBXNativeTarget section */
		1ACAC39F1FC337ED00C76E54 /* BFME2 ROTWK Updater */ = {
			isa = PBXNativeTarget;
			buildConfigurationList = 1ACAC3B41FC337ED00C76E54 /* Build configuration list for PBXNativeTarget "BFME2 ROTWK Updater" */;
			buildPhases = (
				1ACAC39C1FC337ED00C76E54 /* Sources */,
				1ACAC39D1FC337ED00C76E54 /* Frameworks */,
				1ACAC39E1FC337ED00C76E54 /* Resources */,
				1AEA8F321FC46CEE0093678B /* CopyFiles */,
			);
			buildRules = (
			);
			dependencies = (
			);
			name = "BFME2 ROTWK Updater";
			productName = "BFME2 ROTWK Updater";
			productReference = 1ACAC3A01FC337ED00C76E54 /* BFME2 ROTWK Updater.app */;
			productType = "com.apple.product-type.application";
		};
/* End PBXNativeTarget section */

/* Begin PBXProject section */
		1ACAC3981FC337ED00C76E54 /* Project object */ = {
			isa = PBXProject;
			attributes = {
				LastUpgradeCheck = 0910;
				ORGANIZATIONNAME = "Tyler hostager";
				TargetAttributes = {
					1ACAC39F1FC337ED00C76E54 = {
						CreatedOnToolsVersion = 9.1;
						ProvisioningStyle = Manual;
					};
				};
			};
			buildConfigurationList = 1ACAC39B1FC337ED00C76E54 /* Build configuration list for PBXProject "BFME2 ROTWK Updater" */;
			compatibilityVersion = "Xcode 8.0";
			developmentRegion = en;
			hasScannedForEncodings = 0;
			knownRegions = (
				en,
				Base,
			);
			mainGroup = 1ACAC3971FC337ED00C76E54;
			productRefGroup = 1ACAC3A11FC337ED00C76E54 /* Products */;
			projectDirPath = "";
			projectRoot = "";
			targets = (
				1ACAC39F1FC337ED00C76E54 /* BFME2 ROTWK Updater */,
			);
		};
/* End PBXProject section */

/* Begin PBXResourcesBuildPhase section */
		1ACAC39E1FC337ED00C76E54 /* Resources */ = {
			isa = PBXResourcesBuildPhase;
			buildActionMask = 2147483647;
			files = (
				1ACAC3AA1FC337ED00C76E54 /* Assets.xcassets in Resources */,
				1ACAC3AD1FC337ED00C76E54 /* Main.storyboard in Resources */,
			);
			runOnlyForDeploymentPostprocessing = 0;
		};
/* End PBXResourcesBuildPhase section */

/* Begin PBXSourcesBuildPhase section */
		1ACAC39C1FC337ED00C76E54 /* Sources */ = {
			isa = PBXSourcesBuildPhase;
			buildActionMask = 2147483647;
			files = (
				1ACAC3A81FC337ED00C76E54 /* ViewController.m in Sources */,
				1ACAC3B01FC337ED00C76E54 /* main.m in Sources */,
				1ACAC3A51FC337ED00C76E54 /* AppDelegate.m in Sources */,
				1ACAC3B91FC3506200C76E54 /* SystemCheckFunctor.m in Sources */,
			);
			runOnlyForDeploymentPostprocessing = 0;
		};
/* End PBXSourcesBuildPhase section */

/* Begin PBXVariantGroup section */
		1ACAC3AB1FC337ED00C76E54 /* Main.storyboard */ = {
			isa = PBXVariantGroup;
			children = (
				1ACAC3AC1FC337ED00C76E54 /* Base */,
			);
			name = Main.storyboard;
			sourceTree = "<group>";
		};
/* End PBXVariantGroup section */

/* Begin XCBuildConfiguration section */
		1ACAC3B21FC337ED00C76E54 /* Debug */ = {
			isa = XCBuildConfiguration;
			buildSettings = {
				ALWAYS_SEARCH_USER_PATHS = NO;
				CLANG_ANALYZER_NONNULL = YES;
				CLANG_ANALYZER_NUMBER_OBJECT_CONVERSION = YES_AGGRESSIVE;
				CLANG_CXX_LANGUAGE_STANDARD = "gnu++14";
				CLANG_CXX_LIBRARY = "libc++";
				CLANG_ENABLE_MODULES = YES;
				CLANG_ENABLE_OBJC_ARC = YES;
				CLANG_WARN_BLOCK_CAPTURE_AUTORELEASING = YES;
				CLANG_WARN_BOOL_CONVERSION = YES;
				CLANG_WARN_COMMA = YES;
				CLANG_WARN_CONSTANT_CONVERSION = YES;
				CLANG_WARN_DIRECT_OBJC_ISA_USAGE = YES_ERROR;
				CLANG_WARN_DOCUMENTATION_COMMENTS = YES;
				CLANG_WARN_EMPTY_BODY = YES;
				CLANG_WARN_ENUM_CONVERSION = YES;
				CLANG_WARN_INFINITE_RECURSION = YES;
				CLANG_WARN_INT_CONVERSION = YES;
				CLANG_WARN_NON_LITERAL_NULL_CONVERSION = YES;
				CLANG_WARN_OBJC_LITERAL_CONVERSION = YES;
				CLANG_WARN_OBJC_ROOT_CLASS = YES_ERROR;
				CLANG_WARN_RANGE_LOOP_ANALYSIS = YES;
				CLANG_WARN_STRICT_PROTOTYPES = YES;
				CLANG_WARN_SUSPICIOUS_MOVE = YES;
				CLANG_WARN_UNGUARDED_AVAILABILITY = YES_AGGRESSIVE;
				CLANG_WARN_UNREACHABLE_CODE = YES;
				CLANG_WARN__DUPLICATE_METHOD_MATCH = YES;
				CODE_SIGN_IDENTITY = "-";
				COPY_PHASE_STRIP = NO;
				DEBUG_INFORMATION_FORMAT = dwarf;
				ENABLE_STRICT_OBJC_MSGSEND = YES;
				ENABLE_TESTABILITY = YES;
				GCC_C_LANGUAGE_STANDARD = gnu11;
				GCC_DYNAMIC_NO_PIC = NO;
				GCC_NO_COMMON_BLOCKS = YES;
				GCC_OPTIMIZATION_LEVEL = 0;
				GCC_PREPROCESSOR_DEFINITIONS = (
					"DEBUG=1",
					"$(inherited)",
				);
				GCC_WARN_64_TO_32_BIT_CONVERSION = YES;
				GCC_WARN_ABOUT_RETURN_TYPE = YES_ERROR;
				GCC_WARN_UNDECLARED_SELECTOR = YES;
				GCC_WARN_UNINITIALIZED_AUTOS = YES_AGGRESSIVE;
				GCC_WARN_UNUSED_FUNCTION = YES;
				GCC_WARN_UNUSED_VARIABLE = YES;
				MACOSX_DEPLOYMENT_TARGET = 10.13;
				MTL_ENABLE_DEBUG_INFO = YES;
				ONLY_ACTIVE_ARCH = YES;
				SDKROOT = macosx;
			};
			name = Debug;
		};
		1ACAC3B31FC337ED00C76E54 /* Release */ = {
			isa = XCBuildConfiguration;
			buildSettings = {
				ALWAYS_SEARCH_USER_PATHS = NO;
				CLANG_ANALYZER_NONNULL = YES;
				CLANG_ANALYZER_NUMBER_OBJECT_CONVERSION = YES_AGGRESSIVE;
				CLANG_CXX_LANGUAGE_STANDARD = "gnu++14";
				CLANG_CXX_LIBRARY = "libc++";
				CLANG_ENABLE_MODULES = YES;
				CLANG_ENABLE_OBJC_ARC = YES;
				CLANG_WARN_BLOCK_CAPTURE_AUTORELEASING = YES;
				CLANG_WARN_BOOL_CONVERSION = YES;
				CLANG_WARN_COMMA = YES;
				CLANG_WARN_CONSTANT_CONVERSION = YES;
				CLANG_WARN_DIRECT_OBJC_ISA_USAGE = YES_ERROR;
				CLANG_WARN_DOCUMENTATION_COMMENTS = YES;
				CLANG_WARN_EMPTY_BODY = YES;
				CLANG_WARN_ENUM_CONVERSION = YES;
				CLANG_WARN_INFINITE_RECURSION = YES;
				CLANG_WARN_INT_CONVERSION = YES;
				CLANG_WARN_NON_LITERAL_NULL_CONVERSION = YES;
				CLANG_WARN_OBJC_LITERAL_CONVERSION = YES;
				CLANG_WARN_OBJC_ROOT_CLASS = YES_ERROR;
				CLANG_WARN_RANGE_LOOP_ANALYSIS = YES;
				CLANG_WARN_STRICT_PROTOTYPES = YES;
				CLANG_WARN_SUSPICIOUS_MOVE = YES;
				CLANG_WARN_UNGUARDED_AVAILABILITY = YES_AGGRESSIVE;
				CLANG_WARN_UNREACHABLE_CODE = YES;
				CLANG_WARN__DUPLICATE_METHOD_MATCH = YES;
				CODE_SIGN_IDENTITY = "-";
				COPY_PHASE_STRIP = NO;
				DEBUG_INFORMATION_FORMAT = "dwarf-with-dsym";
				ENABLE_NS_ASSERTIONS = NO;
				ENABLE_STRICT_OBJC_MSGSEND = YES;
				GCC_C_LANGUAGE_STANDARD = gnu11;
				GCC_NO_COMMON_BLOCKS = YES;
				GCC_WARN_64_TO_32_BIT_CONVERSION = YES;
				GCC_WARN_ABOUT_RETURN_TYPE = YES_ERROR;
				GCC_WARN_UNDECLARED_SELECTOR = YES;
				GCC_WARN_UNINITIALIZED_AUTOS = YES_AGGRESSIVE;
				GCC_WARN_UNUSED_FUNCTION = YES;
				GCC_WARN_UNUSED_VARIABLE = YES;
				MACOSX_DEPLOYMENT_TARGET = 10.13;
				MTL_ENABLE_DEBUG_INFO = NO;
				SDKROOT = macosx;
			};
			name = Release;
		};
		1ACAC3B51FC337ED00C76E54 /* Debug */ = {
			isa = XCBuildConfiguration;
			buildSettings = {
				ASSETCATALOG_COMPILER_APPICON_NAME = AppIcon;
				CODE_SIGN_ENTITLEMENTS = "BFME2 ROTWK Updater/BFME2_ROTWK_Updater.entitlements";
				CODE_SIGN_STYLE = Manual;
				COMBINE_HIDPI_IMAGES = YES;
				DEVELOPMENT_TEAM = "";
				FRAMEWORK_SEARCH_PATHS = (
					"$(inherited)",
					"$(PROJECT_DIR)",
				);
				INFOPLIST_FILE = "BFME2 ROTWK Updater/Info.plist";
				LD_RUNPATH_SEARCH_PATHS = "@loader_path/../Frameworks $(inherited) @executable_path/../Frameworks";
				PRODUCT_BUNDLE_IDENTIFIER = "com.tylero056.BFME2-ROTWK-Updater";
				PRODUCT_NAME = "$(TARGET_NAME)";
				PROVISIONING_PROFILE_SPECIFIER = "";
			};
			name = Debug;
		};
		1ACAC3B61FC337ED00C76E54 /* Release */ = {
			isa = XCBuildConfiguration;
			buildSettings = {
				ASSETCATALOG_COMPILER_APPICON_NAME = AppIcon;
				CODE_SIGN_ENTITLEMENTS = "BFME2 ROTWK Updater/BFME2_ROTWK_Updater.entitlements";
				CODE_SIGN_STYLE = Manual;
				COMBINE_HIDPI_IMAGES = YES;
				DEVELOPMENT_TEAM = "";
				FRAMEWORK_SEARCH_PATHS = (
					"$(inherited)",
					"$(PROJECT_DIR)",
				);
				INFOPLIST_FILE = "BFME2 ROTWK Updater/Info.plist";
				LD_RUNPATH_SEARCH_PATHS = "@loader_path/../Frameworks $(inherited) @executable_path/../Frameworks";
				PRODUCT_BUNDLE_IDENTIFIER = "com.tylero056.BFME2-ROTWK-Updater";
				PRODUCT_NAME = "$(TARGET_NAME)";
				PROVISIONING_PROFILE_SPECIFIER = "";
			};
			name = Release;
		};
/* End XCBuildConfiguration section */

/* Begin XCConfigurationList section */
		1ACAC39B1FC337ED00C76E54 /* Build configuration list for PBXProject "BFME2 ROTWK Updater" */ = {
			isa = XCConfigurationList;
			buildConfigurations = (
				1ACAC3B21FC337ED00C76E54 /* Debug */,
				1ACAC3B31FC337ED00C76E54 /* Release */,
			);
			defaultConfigurationIsVisible = 0;
			defaultConfigurationName = Release;
		};
		1ACAC3B41FC337ED00C76E54 /* Build configuration list for PBXNativeTarget "BFME2 ROTWK Updater" */ = {
			isa = XCConfigurationList;
			buildConfigurations = (
				1ACAC3B51FC337ED00C76E54 /* Debug */,
				1ACAC3B61FC337ED00C76E54 /* Release */,
			);
			defaultConfigurationIsVisible = 0;
			defaultConfigurationName = Release;
		};
/* End XCConfigurationList section */
	};
	rootObject = 1ACAC3981FC337ED00C76E54 /* Project object */;
}
